// !$*UTF8*$!
{
	archiveVersion = 1;
	classes = {
	};
	objectVersion = 56;
	objects = {

/* Begin PBXBuildFile section */
		216A2F262C2FF81900E8D4A7 /* MovieDatabaseApp.swift in Sources */ = {isa = PBXBuildFile; fileRef = 216A2F252C2FF81900E8D4A7 /* MovieDatabaseApp.swift */; };
		216A2F282C2FF81900E8D4A7 /* HomeView.swift in Sources */ = {isa = PBXBuildFile; fileRef = 216A2F272C2FF81900E8D4A7 /* HomeView.swift */; };
		216A2F2A2C2FF81A00E8D4A7 /* Assets.xcassets in Resources */ = {isa = PBXBuildFile; fileRef = 216A2F292C2FF81A00E8D4A7 /* Assets.xcassets */; };
		216A2F2D2C2FF81A00E8D4A7 /* Preview Assets.xcassets in Resources */ = {isa = PBXBuildFile; fileRef = 216A2F2C2C2FF81A00E8D4A7 /* Preview Assets.xcassets */; };
		216A2F372C2FFC3500E8D4A7 /* movies.json in Resources */ = {isa = PBXBuildFile; fileRef = 216A2F362C2FFC3500E8D4A7 /* movies.json */; };
		216A2F3A2C2FFD0900E8D4A7 /* HomeViewModel.swift in Sources */ = {isa = PBXBuildFile; fileRef = 216A2F392C2FFD0900E8D4A7 /* HomeViewModel.swift */; };
		216A2F3C2C2FFD1800E8D4A7 /* HomeModel.swift in Sources */ = {isa = PBXBuildFile; fileRef = 216A2F3B2C2FFD1700E8D4A7 /* HomeModel.swift */; };
		216A2F402C302AE300E8D4A7 /* DataManager.swift in Sources */ = {isa = PBXBuildFile; fileRef = 216A2F3F2C302AE300E8D4A7 /* DataManager.swift */; };
		216A2F452C30719200E8D4A7 /* MovieCellView.swift in Sources */ = {isa = PBXBuildFile; fileRef = 216A2F442C30719200E8D4A7 /* MovieCellView.swift */; };
		216A2F482C308B3E00E8D4A7 /* MovieDetailView.swift in Sources */ = {isa = PBXBuildFile; fileRef = 216A2F472C308B3E00E8D4A7 /* MovieDetailView.swift */; };
		216A2F4A2C308B5D00E8D4A7 /* MovieDetailViewModel.swift in Sources */ = {isa = PBXBuildFile; fileRef = 216A2F492C308B5D00E8D4A7 /* MovieDetailViewModel.swift */; };
		216A2F4C2C308B6E00E8D4A7 /* MovieDetailModel.swift in Sources */ = {isa = PBXBuildFile; fileRef = 216A2F4B2C308B6E00E8D4A7 /* MovieDetailModel.swift */; };
		216A2F4E2C311BF200E8D4A7 /* CategoryListView.swift in Sources */ = {isa = PBXBuildFile; fileRef = 216A2F4D2C311BF100E8D4A7 /* CategoryListView.swift */; };
		216A2F502C311C5900E8D4A7 /* MovieListView.swift in Sources */ = {isa = PBXBuildFile; fileRef = 216A2F4F2C311C5900E8D4A7 /* MovieListView.swift */; };
		216A2F522C311C9F00E8D4A7 /* SubCategoryDisclosureGroup.swift in Sources */ = {isa = PBXBuildFile; fileRef = 216A2F512C311C9F00E8D4A7 /* SubCategoryDisclosureGroup.swift */; };
		216A2F542C311F1900E8D4A7 /* AsyncImageView.swift in Sources */ = {isa = PBXBuildFile; fileRef = 216A2F532C311F1900E8D4A7 /* AsyncImageView.swift */; };
/* End PBXBuildFile section */

/* Begin PBXFileReference section */
		216A2F222C2FF81900E8D4A7 /* MovieDatabase.app */ = {isa = PBXFileReference; explicitFileType = wrapper.application; includeInIndex = 0; path = MovieDatabase.app; sourceTree = BUILT_PRODUCTS_DIR; };
		216A2F252C2FF81900E8D4A7 /* MovieDatabaseApp.swift */ = {isa = PBXFileReference; lastKnownFileType = sourcecode.swift; path = MovieDatabaseApp.swift; sourceTree = "<group>"; };
		216A2F272C2FF81900E8D4A7 /* HomeView.swift */ = {isa = PBXFileReference; lastKnownFileType = sourcecode.swift; path = HomeView.swift; sourceTree = "<group>"; };
		216A2F292C2FF81A00E8D4A7 /* Assets.xcassets */ = {isa = PBXFileReference; lastKnownFileType = folder.assetcatalog; path = Assets.xcassets; sourceTree = "<group>"; };
		216A2F2C2C2FF81A00E8D4A7 /* Preview Assets.xcassets */ = {isa = PBXFileReference; lastKnownFileType = folder.assetcatalog; path = "Preview Assets.xcassets"; sourceTree = "<group>"; };
		216A2F362C2FFC3500E8D4A7 /* movies.json */ = {isa = PBXFileReference; fileEncoding = 4; lastKnownFileType = text.json; path = movies.json; sourceTree = "<group>"; };
		216A2F392C2FFD0900E8D4A7 /* HomeViewModel.swift */ = {isa = PBXFileReference; lastKnownFileType = sourcecode.swift; path = HomeViewModel.swift; sourceTree = "<group>"; };
		216A2F3B2C2FFD1700E8D4A7 /* HomeModel.swift */ = {isa = PBXFileReference; lastKnownFileType = sourcecode.swift; path = HomeModel.swift; sourceTree = "<group>"; };
		216A2F3F2C302AE300E8D4A7 /* DataManager.swift */ = {isa = PBXFileReference; lastKnownFileType = sourcecode.swift; path = DataManager.swift; sourceTree = "<group>"; };
		216A2F442C30719200E8D4A7 /* MovieCellView.swift */ = {isa = PBXFileReference; lastKnownFileType = sourcecode.swift; path = MovieCellView.swift; sourceTree = "<group>"; };
		216A2F472C308B3E00E8D4A7 /* MovieDetailView.swift */ = {isa = PBXFileReference; lastKnownFileType = sourcecode.swift; path = MovieDetailView.swift; sourceTree = "<group>"; };
		216A2F492C308B5D00E8D4A7 /* MovieDetailViewModel.swift */ = {isa = PBXFileReference; lastKnownFileType = sourcecode.swift; path = MovieDetailViewModel.swift; sourceTree = "<group>"; };
		216A2F4B2C308B6E00E8D4A7 /* MovieDetailModel.swift */ = {isa = PBXFileReference; lastKnownFileType = sourcecode.swift; path = MovieDetailModel.swift; sourceTree = "<group>"; };
		216A2F4D2C311BF100E8D4A7 /* CategoryListView.swift */ = {isa = PBXFileReference; lastKnownFileType = sourcecode.swift; path = CategoryListView.swift; sourceTree = "<group>"; };
		216A2F4F2C311C5900E8D4A7 /* MovieListView.swift */ = {isa = PBXFileReference; lastKnownFileType = sourcecode.swift; path = MovieListView.swift; sourceTree = "<group>"; };
		216A2F512C311C9F00E8D4A7 /* SubCategoryDisclosureGroup.swift */ = {isa = PBXFileReference; lastKnownFileType = sourcecode.swift; path = SubCategoryDisclosureGroup.swift; sourceTree = "<group>"; };
		216A2F532C311F1900E8D4A7 /* AsyncImageView.swift */ = {isa = PBXFileReference; lastKnownFileType = sourcecode.swift; path = AsyncImageView.swift; sourceTree = "<group>"; };
/* End PBXFileReference section */

/* Begin PBXFrameworksBuildPhase section */
		216A2F1F2C2FF81900E8D4A7 /* Frameworks */ = {
			isa = PBXFrameworksBuildPhase;
			buildActionMask = 2147483647;
			files = (
			);
			runOnlyForDeploymentPostprocessing = 0;
		};
/* End PBXFrameworksBuildPhase section */

/* Begin PBXGroup section */
		216A2F192C2FF81900E8D4A7 = {
			isa = PBXGroup;
			children = (
				216A2F242C2FF81900E8D4A7 /* MovieDatabase */,
				216A2F232C2FF81900E8D4A7 /* Products */,
			);
			sourceTree = "<group>";
		};
		216A2F232C2FF81900E8D4A7 /* Products */ = {
			isa = PBXGroup;
			children = (
				216A2F222C2FF81900E8D4A7 /* MovieDatabase.app */,
			);
			name = Products;
			sourceTree = "<group>";
		};
		216A2F242C2FF81900E8D4A7 /* MovieDatabase */ = {
			isa = PBXGroup;
			children = (
				216A2F252C2FF81900E8D4A7 /* MovieDatabaseApp.swift */,
				216A2F3E2C302AC500E8D4A7 /* IInfrastructure */,
				216A2F3D2C2FFD6A00E8D4A7 /* Interface */,
				216A2F332C2FFB7A00E8D4A7 /* Resources */,
				216A2F2B2C2FF81A00E8D4A7 /* Preview Content */,
			);
			path = MovieDatabase;
			sourceTree = "<group>";
		};
		216A2F2B2C2FF81A00E8D4A7 /* Preview Content */ = {
			isa = PBXGroup;
			children = (
				216A2F2C2C2FF81A00E8D4A7 /* Preview Assets.xcassets */,
			);
			path = "Preview Content";
			sourceTree = "<group>";
		};
		216A2F332C2FFB7A00E8D4A7 /* Resources */ = {
			isa = PBXGroup;
			children = (
				216A2F362C2FFC3500E8D4A7 /* movies.json */,
				216A2F292C2FF81A00E8D4A7 /* Assets.xcassets */,
			);
			path = Resources;
			sourceTree = "<group>";
		};
		216A2F382C2FFCC700E8D4A7 /* Home */ = {
			isa = PBXGroup;
			children = (
				216A2F272C2FF81900E8D4A7 /* HomeView.swift */,
				216A2F392C2FFD0900E8D4A7 /* HomeViewModel.swift */,
				216A2F3B2C2FFD1700E8D4A7 /* HomeModel.swift */,
			);
			path = Home;
			sourceTree = "<group>";
		};
		216A2F3D2C2FFD6A00E8D4A7 /* Interface */ = {
			isa = PBXGroup;
			children = (
				216A2F412C30714800E8D4A7 /* ReusableViews */,
				216A2F382C2FFCC700E8D4A7 /* Home */,
				216A2F462C308B0700E8D4A7 /* MovieDetail */,
			);
			path = Interface;
			sourceTree = "<group>";
		};
		216A2F3E2C302AC500E8D4A7 /* IInfrastructure */ = {
			isa = PBXGroup;
			children = (
				216A2F3F2C302AE300E8D4A7 /* DataManager.swift */,
			);
			path = IInfrastructure;
			sourceTree = "<group>";
		};
		216A2F412C30714800E8D4A7 /* ReusableViews */ = {
			isa = PBXGroup;
			children = (
				216A2F442C30719200E8D4A7 /* MovieCellView.swift */,
				216A2F532C311F1900E8D4A7 /* AsyncImageView.swift */,
				216A2F4D2C311BF100E8D4A7 /* CategoryListView.swift */,
				216A2F4F2C311C5900E8D4A7 /* MovieListView.swift */,
				216A2F512C311C9F00E8D4A7 /* SubCategoryDisclosureGroup.swift */,
			);
			path = ReusableViews;
			sourceTree = "<group>";
		};
		216A2F462C308B0700E8D4A7 /* MovieDetail */ = {
			isa = PBXGroup;
			children = (
				216A2F472C308B3E00E8D4A7 /* MovieDetailView.swift */,
				216A2F492C308B5D00E8D4A7 /* MovieDetailViewModel.swift */,
				216A2F4B2C308B6E00E8D4A7 /* MovieDetailModel.swift */,
			);
			path = MovieDetail;
			sourceTree = "<group>";
		};
/* End PBXGroup section */

/* Begin PBXNativeTarget section */
		216A2F212C2FF81900E8D4A7 /* MovieDatabase */ = {
			isa = PBXNativeTarget;
			buildConfigurationList = 216A2F302C2FF81A00E8D4A7 /* Build configuration list for PBXNativeTarget "MovieDatabase" */;
			buildPhases = (
				216A2F1E2C2FF81900E8D4A7 /* Sources */,
				216A2F1F2C2FF81900E8D4A7 /* Frameworks */,
				216A2F202C2FF81900E8D4A7 /* Resources */,
			);
			buildRules = (
			);
			dependencies = (
			);
			name = MovieDatabase;
			productName = MovieDatabase;
			productReference = 216A2F222C2FF81900E8D4A7 /* MovieDatabase.app */;
			productType = "com.apple.product-type.application";
		};
/* End PBXNativeTarget section */

/* Begin PBXProject section */
		216A2F1A2C2FF81900E8D4A7 /* Project object */ = {
			isa = PBXProject;
			attributes = {
				BuildIndependentTargetsInParallel = 1;
				LastSwiftUpdateCheck = 1500;
				LastUpgradeCheck = 1500;
				TargetAttributes = {
					216A2F212C2FF81900E8D4A7 = {
						CreatedOnToolsVersion = 15.0;
					};
				};
			};
			buildConfigurationList = 216A2F1D2C2FF81900E8D4A7 /* Build configuration list for PBXProject "MovieDatabase" */;
			compatibilityVersion = "Xcode 14.0";
			developmentRegion = en;
			hasScannedForEncodings = 0;
			knownRegions = (
				en,
				Base,
			);
			mainGroup = 216A2F192C2FF81900E8D4A7;
			productRefGroup = 216A2F232C2FF81900E8D4A7 /* Products */;
			projectDirPath = "";
			projectRoot = "";
			targets = (
				216A2F212C2FF81900E8D4A7 /* MovieDatabase */,
			);
		};
/* End PBXProject section */

/* Begin PBXResourcesBuildPhase section */
		216A2F202C2FF81900E8D4A7 /* Resources */ = {
			isa = PBXResourcesBuildPhase;
			buildActionMask = 2147483647;
			files = (
				216A2F372C2FFC3500E8D4A7 /* movies.json in Resources */,
				216A2F2D2C2FF81A00E8D4A7 /* Preview Assets.xcassets in Resources */,
				216A2F2A2C2FF81A00E8D4A7 /* Assets.xcassets in Resources */,
			);
			runOnlyForDeploymentPostprocessing = 0;
		};
/* End PBXResourcesBuildPhase section */

/* Begin PBXSourcesBuildPhase section */
		216A2F1E2C2FF81900E8D4A7 /* Sources */ = {
			isa = PBXSourcesBuildPhase;
			buildActionMask = 2147483647;
			files = (
				216A2F542C311F1900E8D4A7 /* AsyncImageView.swift in Sources */,
				216A2F3C2C2FFD1800E8D4A7 /* HomeModel.swift in Sources */,
				216A2F502C311C5900E8D4A7 /* MovieListView.swift in Sources */,
				216A2F522C311C9F00E8D4A7 /* SubCategoryDisclosureGroup.swift in Sources */,
				216A2F4C2C308B6E00E8D4A7 /* MovieDetailModel.swift in Sources */,
				216A2F452C30719200E8D4A7 /* MovieCellView.swift in Sources */,
				216A2F402C302AE300E8D4A7 /* DataManager.swift in Sources */,
				216A2F4E2C311BF200E8D4A7 /* CategoryListView.swift in Sources */,
				216A2F282C2FF81900E8D4A7 /* HomeView.swift in Sources */,
				216A2F4A2C308B5D00E8D4A7 /* MovieDetailViewModel.swift in Sources */,
				216A2F3A2C2FFD0900E8D4A7 /* HomeViewModel.swift in Sources */,
				216A2F262C2FF81900E8D4A7 /* MovieDatabaseApp.swift in Sources */,
				216A2F482C308B3E00E8D4A7 /* MovieDetailView.swift in Sources */,
			);
			runOnlyForDeploymentPostprocessing = 0;
		};
/* End PBXSourcesBuildPhase section */

/* Begin XCBuildConfiguration section */
		216A2F2E2C2FF81A00E8D4A7 /* Debug */ = {
			isa = XCBuildConfiguration;
			buildSettings = {
				ALWAYS_SEARCH_USER_PATHS = NO;
				ASSETCATALOG_COMPILER_GENERATE_SWIFT_ASSET_SYMBOL_EXTENSIONS = YES;
				CLANG_ANALYZER_NONNULL = YES;
				CLANG_ANALYZER_NUMBER_OBJECT_CONVERSION = YES_AGGRESSIVE;
				CLANG_CXX_LANGUAGE_STANDARD = "gnu++20";
				CLANG_ENABLE_MODULES = YES;
				CLANG_ENABLE_OBJC_ARC = YES;
				CLANG_ENABLE_OBJC_WEAK = YES;
				CLANG_WARN_BLOCK_CAPTURE_AUTORELEASING = YES;
				CLANG_WARN_BOOL_CONVERSION = YES;
				CLANG_WARN_COMMA = YES;
				CLANG_WARN_CONSTANT_CONVERSION = YES;
				CLANG_WARN_DEPRECATED_OBJC_IMPLEMENTATIONS = YES;
				CLANG_WARN_DIRECT_OBJC_ISA_USAGE = YES_ERROR;
				CLANG_WARN_DOCUMENTATION_COMMENTS = YES;
				CLANG_WARN_EMPTY_BODY = YES;
				CLANG_WARN_ENUM_CONVERSION = YES;
				CLANG_WARN_INFINITE_RECURSION = YES;
				CLANG_WARN_INT_CONVERSION = YES;
				CLANG_WARN_NON_LITERAL_NULL_CONVERSION = YES;
				CLANG_WARN_OBJC_IMPLICIT_RETAIN_SELF = YES;
				CLANG_WARN_OBJC_LITERAL_CONVERSION = YES;
				CLANG_WARN_OBJC_ROOT_CLASS = YES_ERROR;
				CLANG_WARN_QUOTED_INCLUDE_IN_FRAMEWORK_HEADER = YES;
				CLANG_WARN_RANGE_LOOP_ANALYSIS = YES;
				CLANG_WARN_STRICT_PROTOTYPES = YES;
				CLANG_WARN_SUSPICIOUS_MOVE = YES;
				CLANG_WARN_UNGUARDED_AVAILABILITY = YES_AGGRESSIVE;
				CLANG_WARN_UNREACHABLE_CODE = YES;
				CLANG_WARN__DUPLICATE_METHOD_MATCH = YES;
				COPY_PHASE_STRIP = NO;
				DEBUG_INFORMATION_FORMAT = dwarf;
				ENABLE_STRICT_OBJC_MSGSEND = YES;
				ENABLE_TESTABILITY = YES;
				ENABLE_USER_SCRIPT_SANDBOXING = YES;
				GCC_C_LANGUAGE_STANDARD = gnu17;
				GCC_DYNAMIC_NO_PIC = NO;
				GCC_NO_COMMON_BLOCKS = YES;
				GCC_OPTIMIZATION_LEVEL = 0;
				GCC_PREPROCESSOR_DEFINITIONS = (
					"DEBUG=1",
					"$(inherited)",
				);
				GCC_WARN_64_TO_32_BIT_CONVERSION = YES;
				GCC_WARN_ABOUT_RETURN_TYPE = YES_ERROR;
				GCC_WARN_UNDECLARED_SELECTOR = YES;
				GCC_WARN_UNINITIALIZED_AUTOS = YES_AGGRESSIVE;
				GCC_WARN_UNUSED_FUNCTION = YES;
				GCC_WARN_UNUSED_VARIABLE = YES;
				IPHONEOS_DEPLOYMENT_TARGET = 17.0;
				LOCALIZATION_PREFERS_STRING_CATALOGS = YES;
				MTL_ENABLE_DEBUG_INFO = INCLUDE_SOURCE;
				MTL_FAST_MATH = YES;
				ONLY_ACTIVE_ARCH = YES;
				SDKROOT = iphoneos;
				SWIFT_ACTIVE_COMPILATION_CONDITIONS = "DEBUG $(inherited)";
				SWIFT_OPTIMIZATION_LEVEL = "-Onone";
			};
			name = Debug;
		};
		216A2F2F2C2FF81A00E8D4A7 /* Release */ = {
			isa = XCBuildConfiguration;
			buildSettings = {
				ALWAYS_SEARCH_USER_PATHS = NO;
				ASSETCATALOG_COMPILER_GENERATE_SWIFT_ASSET_SYMBOL_EXTENSIONS = YES;
				CLANG_ANALYZER_NONNULL = YES;
				CLANG_ANALYZER_NUMBER_OBJECT_CONVERSION = YES_AGGRESSIVE;
				CLANG_CXX_LANGUAGE_STANDARD = "gnu++20";
				CLANG_ENABLE_MODULES = YES;
				CLANG_ENABLE_OBJC_ARC = YES;
				CLANG_ENABLE_OBJC_WEAK = YES;
				CLANG_WARN_BLOCK_CAPTURE_AUTORELEASING = YES;
				CLANG_WARN_BOOL_CONVERSION = YES;
				CLANG_WARN_COMMA = YES;
				CLANG_WARN_CONSTANT_CONVERSION = YES;
				CLANG_WARN_DEPRECATED_OBJC_IMPLEMENTATIONS = YES;
				CLANG_WARN_DIRECT_OBJC_ISA_USAGE = YES_ERROR;
				CLANG_WARN_DOCUMENTATION_COMMENTS = YES;
				CLANG_WARN_EMPTY_BODY = YES;
				CLANG_WARN_ENUM_CONVERSION = YES;
				CLANG_WARN_INFINITE_RECURSION = YES;
				CLANG_WARN_INT_CONVERSION = YES;
				CLANG_WARN_NON_LITERAL_NULL_CONVERSION = YES;
				CLANG_WARN_OBJC_IMPLICIT_RETAIN_SELF = YES;
				CLANG_WARN_OBJC_LITERAL_CONVERSION = YES;
				CLANG_WARN_OBJC_ROOT_CLASS = YES_ERROR;
				CLANG_WARN_QUOTED_INCLUDE_IN_FRAMEWORK_HEADER = YES;
				CLANG_WARN_RANGE_LOOP_ANALYSIS = YES;
				CLANG_WARN_STRICT_PROTOTYPES = YES;
				CLANG_WARN_SUSPICIOUS_MOVE = YES;
				CLANG_WARN_UNGUARDED_AVAILABILITY = YES_AGGRESSIVE;
				CLANG_WARN_UNREACHABLE_CODE = YES;
				CLANG_WARN__DUPLICATE_METHOD_MATCH = YES;
				COPY_PHASE_STRIP = NO;
				DEBUG_INFORMATION_FORMAT = "dwarf-with-dsym";
				ENABLE_NS_ASSERTIONS = NO;
				ENABLE_STRICT_OBJC_MSGSEND = YES;
				ENABLE_USER_SCRIPT_SANDBOXING = YES;
				GCC_C_LANGUAGE_STANDARD = gnu17;
				GCC_NO_COMMON_BLOCKS = YES;
				GCC_WARN_64_TO_32_BIT_CONVERSION = YES;
				GCC_WARN_ABOUT_RETURN_TYPE = YES_ERROR;
				GCC_WARN_UNDECLARED_SELECTOR = YES;
				GCC_WARN_UNINITIALIZED_AUTOS = YES_AGGRESSIVE;
				GCC_WARN_UNUSED_FUNCTION = YES;
				GCC_WARN_UNUSED_VARIABLE = YES;
				IPHONEOS_DEPLOYMENT_TARGET = 17.0;
				LOCALIZATION_PREFERS_STRING_CATALOGS = YES;
				MTL_ENABLE_DEBUG_INFO = NO;
				MTL_FAST_MATH = YES;
				SDKROOT = iphoneos;
				SWIFT_COMPILATION_MODE = wholemodule;
				VALIDATE_PRODUCT = YES;
			};
			name = Release;
		};
		216A2F312C2FF81A00E8D4A7 /* Debug */ = {
			isa = XCBuildConfiguration;
			buildSettings = {
				ASSETCATALOG_COMPILER_APPICON_NAME = AppIcon;
				ASSETCATALOG_COMPILER_GLOBAL_ACCENT_COLOR_NAME = AccentColor;
				CODE_SIGN_STYLE = Automatic;
				CURRENT_PROJECT_VERSION = 1;
				DEVELOPMENT_ASSET_PATHS = "\"MovieDatabase/Preview Content\"";
				DEVELOPMENT_TEAM = XTMT677496;
				ENABLE_PREVIEWS = YES;
				GENERATE_INFOPLIST_FILE = YES;
				INFOPLIST_KEY_UIApplicationSceneManifest_Generation = YES;
				INFOPLIST_KEY_UIApplicationSupportsIndirectInputEvents = YES;
				INFOPLIST_KEY_UILaunchScreen_Generation = YES;
				INFOPLIST_KEY_UISupportedInterfaceOrientations_iPad = "UIInterfaceOrientationPortrait UIInterfaceOrientationPortraitUpsideDown UIInterfaceOrientationLandscapeLeft UIInterfaceOrientationLandscapeRight";
				INFOPLIST_KEY_UISupportedInterfaceOrientations_iPhone = "UIInterfaceOrientationPortrait UIInterfaceOrientationLandscapeLeft UIInterfaceOrientationLandscapeRight";
				LD_RUNPATH_SEARCH_PATHS = (
					"$(inherited)",
					"@executable_path/Frameworks",
				);
				MARKETING_VERSION = 1.0;
				PRODUCT_BUNDLE_IDENTIFIER = sooraav.MovieDatabase;
				PRODUCT_NAME = "$(TARGET_NAME)";
				SWIFT_EMIT_LOC_STRINGS = YES;
				SWIFT_VERSION = 5.0;
				TARGETED_DEVICE_FAMILY = "1,2";
			};
			name = Debug;
		};
		216A2F322C2FF81A00E8D4A7 /* Release */ = {
			isa = XCBuildConfiguration;
			buildSettings = {
				ASSETCATALOG_COMPILER_APPICON_NAME = AppIcon;
				ASSETCATALOG_COMPILER_GLOBAL_ACCENT_COLOR_NAME = AccentColor;
				CODE_SIGN_STYLE = Automatic;
				CURRENT_PROJECT_VERSION = 1;
				DEVELOPMENT_ASSET_PATHS = "\"MovieDatabase/Preview Content\"";
				DEVELOPMENT_TEAM = XTMT677496;
				ENABLE_PREVIEWS = YES;
				GENERATE_INFOPLIST_FILE = YES;
				INFOPLIST_KEY_UIApplicationSceneManifest_Generation = YES;
				INFOPLIST_KEY_UIApplicationSupportsIndirectInputEvents = YES;
				INFOPLIST_KEY_UILaunchScreen_Generation = YES;
				INFOPLIST_KEY_UISupportedInterfaceOrientations_iPad = "UIInterfaceOrientationPortrait UIInterfaceOrientationPortraitUpsideDown UIInterfaceOrientationLandscapeLeft UIInterfaceOrientationLandscapeRight";
				INFOPLIST_KEY_UISupportedInterfaceOrientations_iPhone = "UIInterfaceOrientationPortrait UIInterfaceOrientationLandscapeLeft UIInterfaceOrientationLandscapeRight";
				LD_RUNPATH_SEARCH_PATHS = (
					"$(inherited)",
					"@executable_path/Frameworks",
				);
				MARKETING_VERSION = 1.0;
				PRODUCT_BUNDLE_IDENTIFIER = sooraav.MovieDatabase;
				PRODUCT_NAME = "$(TARGET_NAME)";
				SWIFT_EMIT_LOC_STRINGS = YES;
				SWIFT_VERSION = 5.0;
				TARGETED_DEVICE_FAMILY = "1,2";
			};
			name = Release;
		};
/* End XCBuildConfiguration section */

/* Begin XCConfigurationList section */
		216A2F1D2C2FF81900E8D4A7 /* Build configuration list for PBXProject "MovieDatabase" */ = {
			isa = XCConfigurationList;
			buildConfigurations = (
				216A2F2E2C2FF81A00E8D4A7 /* Debug */,
				216A2F2F2C2FF81A00E8D4A7 /* Release */,
			);
			defaultConfigurationIsVisible = 0;
			defaultConfigurationName = Release;
		};
		216A2F302C2FF81A00E8D4A7 /* Build configuration list for PBXNativeTarget "MovieDatabase" */ = {
			isa = XCConfigurationList;
			buildConfigurations = (
				216A2F312C2FF81A00E8D4A7 /* Debug */,
				216A2F322C2FF81A00E8D4A7 /* Release */,
			);
			defaultConfigurationIsVisible = 0;
			defaultConfigurationName = Release;
		};
/* End XCConfigurationList section */
	};
	rootObject = 216A2F1A2C2FF81900E8D4A7 /* Project object */;
}
